
Microsoft Visual Studio Solution File, Format Version 12.00
# Visual Studio Version 17
VisualStudioVersion = 17.4.33110.190
MinimumVisualStudioVersion = 10.0.40219.1
Project("{FAE04EC0-301F-11D3-BF4B-00C04F79EFBC}") = "Y2K", "Y2K.csproj", "{3B7F1164-2279-413D-B351-34DBBF597AF6}"
EndProject
Project("{FAE04EC0-301F-11D3-BF4B-00C04F79EFBC}") = "MrzDateValidator", "..\MrzDateValidator\MrzDateValidator.csproj", "{492E7ACA-858C-4A02-B16F-666374214054}"
EndProject
Global
	GlobalSection(SolutionConfigurationPlatforms) = preSolution
		Debug|Any CPU = Debug|Any CPU
		Release|Any CPU = Release|Any CPU
	EndGlobalSection
	GlobalSection(ProjectConfigurationPlatforms) = postSolution
		{3B7F1164-2279-413D-B351-34DBBF597AF6}.Debug|Any CPU.ActiveCfg = Debug|Any CPU
		{3B7F1164-2279-413D-B351-34DBBF597AF6}.Debug|Any CPU.Build.0 = Debug|Any CPU
		{3B7F1164-2279-413D-B351-34DBBF597AF6}.Release|Any CPU.ActiveCfg = Release|Any CPU
		{3B7F1164-2279-413D-B351-34DBBF597AF6}.Release|Any CPU.Build.0 = Release|Any CPU
		{492E7ACA-858C-4A02-B16F-666374214054}.Debug|Any CPU.ActiveCfg = Debug|Any CPU
		{492E7ACA-858C-4A02-B16F-666374214054}.Debug|Any CPU.Build.0 = Debug|Any CPU
		{492E7ACA-858C-4A02-B16F-666374214054}.Release|Any CPU.ActiveCfg = Release|Any CPU
		{492E7ACA-858C-4A02-B16F-666374214054}.Release|Any CPU.Build.0 = Release|Any CPU
	EndGlobalSection
	GlobalSection(SolutionProperties) = preSolution
		HideSolutionNode = FALSE
	EndGlobalSection
	GlobalSection(ExtensibilityGlobals) = postSolution
		SolutionGuid = {DAD175C1-94B8-42C7-99CD-E5FEE3987F44}
	EndGlobalSection
EndGlobal
